
Microsoft Visual Studio Solution File, Format Version 12.00
# Visual Studio 14
VisualStudioVersion = 14.0.25420.1
MinimumVisualStudioVersion = 10.0.40219.1
Project("{E24C65DC-7377-472B-9ABA-BC803B73C61A}") = "mkdocs-base", ".", "{CD3A2B6C-1666-488B-B352-7B6D590B2EDE}"
	ProjectSection(WebsiteProperties) = preProject
		TargetFrameworkMoniker = ".NETFramework,Version%3Dv4.0"
		Debug.AspNetCompiler.VirtualPath = "/localhost_32136"
		Debug.AspNetCompiler.PhysicalPath = "..\mkdocs-base\"
		Debug.AspNetCompiler.TargetPath = "PrecompiledWeb\localhost_32136\"
		Debug.AspNetCompiler.Updateable = "true"
		Debug.AspNetCompiler.ForceOverwrite = "true"
		Debug.AspNetCompiler.FixedNames = "false"
		Debug.AspNetCompiler.Debug = "True"
		Release.AspNetCompiler.VirtualPath = "/localhost_32136"
		Release.AspNetCompiler.PhysicalPath = "..\mkdocs-base\"
		Release.AspNetCompiler.TargetPath = "PrecompiledWeb\localhost_32136\"
		Release.AspNetCompiler.Updateable = "true"
		Release.AspNetCompiler.ForceOverwrite = "true"
		Release.AspNetCompiler.FixedNames = "false"
		Release.AspNetCompiler.Debug = "False"
		VWDPort = "32136"
		SlnRelativePath = "..\mkdocs-base\"
	EndProjectSection
EndProject
Global
	GlobalSection(SolutionConfigurationPlatforms) = preSolution
		Debug|Any CPU = Debug|Any CPU
	EndGlobalSection
	GlobalSection(ProjectConfigurationPlatforms) = postSolution
		{CD3A2B6C-1666-488B-B352-7B6D590B2EDE}.Debug|Any CPU.ActiveCfg = Debug|Any CPU
		{CD3A2B6C-1666-488B-B352-7B6D590B2EDE}.Debug|Any CPU.Build.0 = Debug|Any CPU
	EndGlobalSection
	GlobalSection(SolutionProperties) = preSolution
		HideSolutionNode = FALSE
	EndGlobalSection
EndGlobal
